
Microsoft Visual Studio Solution File, Format Version 12.00
Project("{FAE04EC0-301F-11D3-BF4B-00C04F79EFBC}") = "health-checks-and-alerting", "health-checks-and-alerting.csproj", "{20E26912-E445-4BB0-B5CA-F6B51B96198B}"
EndProject
Global
	GlobalSection(SolutionConfigurationPlatforms) = preSolution
		Debug|Any CPU = Debug|Any CPU
		Release|Any CPU = Release|Any CPU
	EndGlobalSection
	GlobalSection(ProjectConfigurationPlatforms) = postSolution
		{20E26912-E445-4BB0-B5CA-F6B51B96198B}.Debug|Any CPU.ActiveCfg = Debug|Any CPU
		{20E26912-E445-4BB0-B5CA-F6B51B96198B}.Debug|Any CPU.Build.0 = Debug|Any CPU
		{20E26912-E445-4BB0-B5CA-F6B51B96198B}.Release|Any CPU.ActiveCfg = Release|Any CPU
		{20E26912-E445-4BB0-B5CA-F6B51B96198B}.Release|Any CPU.Build.0 = Release|Any CPU
	EndGlobalSection
EndGlobal
